// !$*UTF8*$!
{
	archiveVersion = 1;
	classes = {
	};
	objectVersion = 46;
	objects = {

/* Begin PBXBuildFile section */
		6B3662841E476201007753BB /* LifeModelTests.swift in Sources */ = {isa = PBXBuildFile; fileRef = 6B36627F1E476201007753BB /* LifeModelTests.swift */; };
		6B3662851E476201007753BB /* GridTests.swift in Sources */ = {isa = PBXBuildFile; fileRef = 6B3662801E476201007753BB /* GridTests.swift */; };
		6B3662861E476201007753BB /* SequenceExtensionsTests.swift in Sources */ = {isa = PBXBuildFile; fileRef = 6B3662821E476201007753BB /* SequenceExtensionsTests.swift */; };
		6B3662871E476201007753BB /* StringExtensionsTests.swift in Sources */ = {isa = PBXBuildFile; fileRef = 6B3662831E476201007753BB /* StringExtensionsTests.swift */; };
		6B3E1AC51DE4D66F00D76B4A /* AppDelegate.swift in Sources */ = {isa = PBXBuildFile; fileRef = 6B3E1AC41DE4D66F00D76B4A /* AppDelegate.swift */; };
		6B3E1AC71DE4D66F00D76B4A /* ViewController.swift in Sources */ = {isa = PBXBuildFile; fileRef = 6B3E1AC61DE4D66F00D76B4A /* ViewController.swift */; };
		6B3E1ACA1DE4D66F00D76B4A /* Main.storyboard in Resources */ = {isa = PBXBuildFile; fileRef = 6B3E1AC81DE4D66F00D76B4A /* Main.storyboard */; };
		6B3E1ACC1DE4D66F00D76B4A /* Assets.xcassets in Resources */ = {isa = PBXBuildFile; fileRef = 6B3E1ACB1DE4D66F00D76B4A /* Assets.xcassets */; };
		6B3E1ACF1DE4D66F00D76B4A /* LaunchScreen.storyboard in Resources */ = {isa = PBXBuildFile; fileRef = 6B3E1ACD1DE4D66F00D76B4A /* LaunchScreen.storyboard */; };
		6B3E1ADA1DE4D66F00D76B4A /* GameOfLifeTests.swift in Sources */ = {isa = PBXBuildFile; fileRef = 6B3E1AD91DE4D66F00D76B4A /* GameOfLifeTests.swift */; };
		6B3E1AE51DE4D66F00D76B4A /* GameOfLifeUITests.swift in Sources */ = {isa = PBXBuildFile; fileRef = 6B3E1AE41DE4D66F00D76B4A /* GameOfLifeUITests.swift */; };
		6B42F2661E43B716005DA38E /* RLERepresentable.swift in Sources */ = {isa = PBXBuildFile; fileRef = 6B42F2651E43B716005DA38E /* RLERepresentable.swift */; };
		6B42F2681E43C1EA005DA38E /* Patterns in Resources */ = {isa = PBXBuildFile; fileRef = 6B42F2671E43C1EA005DA38E /* Patterns */; };
		6B56E3071E4762F70093886E /* CellStateTests.swift in Sources */ = {isa = PBXBuildFile; fileRef = 6B56E3061E4762F70093886E /* CellStateTests.swift */; };
		6BBDA9AD1E475CB2002508C2 /* SequenceExtensions.swift in Sources */ = {isa = PBXBuildFile; fileRef = 6BBDA9AB1E475CB2002508C2 /* SequenceExtensions.swift */; };
		6BBDA9AE1E475CB2002508C2 /* StringExtensions.swift in Sources */ = {isa = PBXBuildFile; fileRef = 6BBDA9AC1E475CB2002508C2 /* StringExtensions.swift */; };
		6BBDA9B81E475D71002508C2 /* CellState.swift in Sources */ = {isa = PBXBuildFile; fileRef = 6BBDA9B01E475D71002508C2 /* CellState.swift */; };
		6BBDA9B91E475D71002508C2 /* Grid.swift in Sources */ = {isa = PBXBuildFile; fileRef = 6BBDA9B11E475D71002508C2 /* Grid.swift */; };
		6BBDA9BA1E475D71002508C2 /* LifeModel.swift in Sources */ = {isa = PBXBuildFile; fileRef = 6BBDA9B21E475D71002508C2 /* LifeModel.swift */; };
		6BBDA9BB1E475D71002508C2 /* TimeModel.swift in Sources */ = {isa = PBXBuildFile; fileRef = 6BBDA9B31E475D71002508C2 /* TimeModel.swift */; };
		6BBDA9BE1E475D71002508C2 /* GridView.swift in Sources */ = {isa = PBXBuildFile; fileRef = 6BBDA9B71E475D71002508C2 /* GridView.swift */; };
		6BBF935B1E4E56160025D31F /* GridCollectionViewCell.swift in Sources */ = {isa = PBXBuildFile; fileRef = 6BBF935A1E4E56160025D31F /* GridCollectionViewCell.swift */; };
		6BBF935F1E4E62140025D31F /* GridsCollectionViewController.swift in Sources */ = {isa = PBXBuildFile; fileRef = 6BBF935E1E4E62140025D31F /* GridsCollectionViewController.swift */; };
/* End PBXBuildFile section */

/* Begin PBXContainerItemProxy section */
		6B3E1AD61DE4D66F00D76B4A /* PBXContainerItemProxy */ = {
			isa = PBXContainerItemProxy;
			containerPortal = 6B3E1AB91DE4D66E00D76B4A /* Project object */;
			proxyType = 1;
			remoteGlobalIDString = 6B3E1AC01DE4D66F00D76B4A;
			remoteInfo = GameOfLife;
		};
		6B3E1AE11DE4D66F00D76B4A /* PBXContainerItemProxy */ = {
			isa = PBXContainerItemProxy;
			containerPortal = 6B3E1AB91DE4D66E00D76B4A /* Project object */;
			proxyType = 1;
			remoteGlobalIDString = 6B3E1AC01DE4D66F00D76B4A;
			remoteInfo = GameOfLife;
		};
/* End PBXContainerItemProxy section */

/* Begin PBXFileReference section */
		6B36627F1E476201007753BB /* LifeModelTests.swift */ = {isa = PBXFileReference; fileEncoding = 4; lastKnownFileType = sourcecode.swift; path = LifeModelTests.swift; sourceTree = "<group>"; };
		6B3662801E476201007753BB /* GridTests.swift */ = {isa = PBXFileReference; fileEncoding = 4; lastKnownFileType = sourcecode.swift; path = GridTests.swift; sourceTree = "<group>"; };
		6B3662821E476201007753BB /* SequenceExtensionsTests.swift */ = {isa = PBXFileReference; fileEncoding = 4; lastKnownFileType = sourcecode.swift; path = SequenceExtensionsTests.swift; sourceTree = "<group>"; };
		6B3662831E476201007753BB /* StringExtensionsTests.swift */ = {isa = PBXFileReference; fileEncoding = 4; lastKnownFileType = sourcecode.swift; path = StringExtensionsTests.swift; sourceTree = "<group>"; };
		6B3E1AC11DE4D66F00D76B4A /* GameOfLife.app */ = {isa = PBXFileReference; explicitFileType = wrapper.application; includeInIndex = 0; path = GameOfLife.app; sourceTree = BUILT_PRODUCTS_DIR; };
		6B3E1AC41DE4D66F00D76B4A /* AppDelegate.swift */ = {isa = PBXFileReference; lastKnownFileType = sourcecode.swift; path = AppDelegate.swift; sourceTree = "<group>"; };
		6B3E1AC61DE4D66F00D76B4A /* ViewController.swift */ = {isa = PBXFileReference; lastKnownFileType = sourcecode.swift; path = ViewController.swift; sourceTree = "<group>"; };
		6B3E1AC91DE4D66F00D76B4A /* Base */ = {isa = PBXFileReference; lastKnownFileType = file.storyboard; name = Base; path = Base.lproj/Main.storyboard; sourceTree = "<group>"; };
		6B3E1ACB1DE4D66F00D76B4A /* Assets.xcassets */ = {isa = PBXFileReference; lastKnownFileType = folder.assetcatalog; path = Assets.xcassets; sourceTree = "<group>"; };
		6B3E1ACE1DE4D66F00D76B4A /* Base */ = {isa = PBXFileReference; lastKnownFileType = file.storyboard; name = Base; path = Base.lproj/LaunchScreen.storyboard; sourceTree = "<group>"; };
		6B3E1AD01DE4D66F00D76B4A /* Info.plist */ = {isa = PBXFileReference; lastKnownFileType = text.plist.xml; path = Info.plist; sourceTree = "<group>"; };
		6B3E1AD51DE4D66F00D76B4A /* GameOfLifeTests.xctest */ = {isa = PBXFileReference; explicitFileType = wrapper.cfbundle; includeInIndex = 0; path = GameOfLifeTests.xctest; sourceTree = BUILT_PRODUCTS_DIR; };
		6B3E1AD91DE4D66F00D76B4A /* GameOfLifeTests.swift */ = {isa = PBXFileReference; lastKnownFileType = sourcecode.swift; path = GameOfLifeTests.swift; sourceTree = "<group>"; };
		6B3E1ADB1DE4D66F00D76B4A /* Info.plist */ = {isa = PBXFileReference; lastKnownFileType = text.plist.xml; path = Info.plist; sourceTree = "<group>"; };
		6B3E1AE01DE4D66F00D76B4A /* GameOfLifeUITests.xctest */ = {isa = PBXFileReference; explicitFileType = wrapper.cfbundle; includeInIndex = 0; path = GameOfLifeUITests.xctest; sourceTree = BUILT_PRODUCTS_DIR; };
		6B3E1AE41DE4D66F00D76B4A /* GameOfLifeUITests.swift */ = {isa = PBXFileReference; lastKnownFileType = sourcecode.swift; path = GameOfLifeUITests.swift; sourceTree = "<group>"; };
		6B3E1AE61DE4D66F00D76B4A /* Info.plist */ = {isa = PBXFileReference; lastKnownFileType = text.plist.xml; path = Info.plist; sourceTree = "<group>"; };
		6B42F2651E43B716005DA38E /* RLERepresentable.swift */ = {isa = PBXFileReference; fileEncoding = 4; lastKnownFileType = sourcecode.swift; path = RLERepresentable.swift; sourceTree = "<group>"; };
		6B42F2671E43C1EA005DA38E /* Patterns */ = {isa = PBXFileReference; lastKnownFileType = folder; path = Patterns; sourceTree = "<group>"; };
		6B56E3061E4762F70093886E /* CellStateTests.swift */ = {isa = PBXFileReference; fileEncoding = 4; lastKnownFileType = sourcecode.swift; path = CellStateTests.swift; sourceTree = "<group>"; };
		6BBDA9AB1E475CB2002508C2 /* SequenceExtensions.swift */ = {isa = PBXFileReference; fileEncoding = 4; lastKnownFileType = sourcecode.swift; path = SequenceExtensions.swift; sourceTree = "<group>"; };
		6BBDA9AC1E475CB2002508C2 /* StringExtensions.swift */ = {isa = PBXFileReference; fileEncoding = 4; lastKnownFileType = sourcecode.swift; path = StringExtensions.swift; sourceTree = "<group>"; };
		6BBDA9B01E475D71002508C2 /* CellState.swift */ = {isa = PBXFileReference; fileEncoding = 4; lastKnownFileType = sourcecode.swift; path = CellState.swift; sourceTree = "<group>"; };
		6BBDA9B11E475D71002508C2 /* Grid.swift */ = {isa = PBXFileReference; fileEncoding = 4; lastKnownFileType = sourcecode.swift; path = Grid.swift; sourceTree = "<group>"; };
		6BBDA9B21E475D71002508C2 /* LifeModel.swift */ = {isa = PBXFileReference; fileEncoding = 4; lastKnownFileType = sourcecode.swift; path = LifeModel.swift; sourceTree = "<group>"; };
		6BBDA9B31E475D71002508C2 /* TimeModel.swift */ = {isa = PBXFileReference; fileEncoding = 4; lastKnownFileType = sourcecode.swift; path = TimeModel.swift; sourceTree = "<group>"; };
		6BBDA9B71E475D71002508C2 /* GridView.swift */ = {isa = PBXFileReference; fileEncoding = 4; lastKnownFileType = sourcecode.swift; path = GridView.swift; sourceTree = "<group>"; };
		6BBF935A1E4E56160025D31F /* GridCollectionViewCell.swift */ = {isa = PBXFileReference; fileEncoding = 4; lastKnownFileType = sourcecode.swift; path = GridCollectionViewCell.swift; sourceTree = "<group>"; };
		6BBF935E1E4E62140025D31F /* GridsCollectionViewController.swift */ = {isa = PBXFileReference; fileEncoding = 4; lastKnownFileType = sourcecode.swift; path = GridsCollectionViewController.swift; sourceTree = "<group>"; };
/* End PBXFileReference section */

/* Begin PBXFrameworksBuildPhase section */
		6B3E1ABE1DE4D66F00D76B4A /* Frameworks */ = {
			isa = PBXFrameworksBuildPhase;
			buildActionMask = 2147483647;
			files = (
			);
			runOnlyForDeploymentPostprocessing = 0;
		};
		6B3E1AD21DE4D66F00D76B4A /* Frameworks */ = {
			isa = PBXFrameworksBuildPhase;
			buildActionMask = 2147483647;
			files = (
			);
			runOnlyForDeploymentPostprocessing = 0;
		};
		6B3E1ADD1DE4D66F00D76B4A /* Frameworks */ = {
			isa = PBXFrameworksBuildPhase;
			buildActionMask = 2147483647;
			files = (
			);
			runOnlyForDeploymentPostprocessing = 0;
		};
/* End PBXFrameworksBuildPhase section */

/* Begin PBXGroup section */
		6B2305621DECC4F700514CAB /* Source */ = {
			isa = PBXGroup;
			children = (
				6BBDA9AF1E475D71002508C2 /* Models */,
				6BBDA9B41E475D71002508C2 /* Views */,
				6BBDA9AA1E475CB2002508C2 /* Extensions */,
				6B42F2651E43B716005DA38E /* RLERepresentable.swift */,
			);
			path = Source;
			sourceTree = "<group>";
		};
		6B36627E1E476201007753BB /* Models */ = {
			isa = PBXGroup;
			children = (
				6B56E3061E4762F70093886E /* CellStateTests.swift */,
				6B3662801E476201007753BB /* GridTests.swift */,
				6B36627F1E476201007753BB /* LifeModelTests.swift */,
			);
			path = Models;
			sourceTree = "<group>";
		};
		6B3662811E476201007753BB /* Extensions */ = {
			isa = PBXGroup;
			children = (
				6B3662821E476201007753BB /* SequenceExtensionsTests.swift */,
				6B3662831E476201007753BB /* StringExtensionsTests.swift */,
			);
			path = Extensions;
			sourceTree = "<group>";
		};
		6B3E1AB81DE4D66E00D76B4A = {
			isa = PBXGroup;
			children = (
				6B3E1AC31DE4D66F00D76B4A /* GameOfLife */,
				6B3E1AD81DE4D66F00D76B4A /* GameOfLifeTests */,
				6B3E1AE31DE4D66F00D76B4A /* GameOfLifeUITests */,
				6B3E1AC21DE4D66F00D76B4A /* Products */,
			);
			sourceTree = "<group>";
		};
		6B3E1AC21DE4D66F00D76B4A /* Products */ = {
			isa = PBXGroup;
			children = (
				6B3E1AC11DE4D66F00D76B4A /* GameOfLife.app */,
				6B3E1AD51DE4D66F00D76B4A /* GameOfLifeTests.xctest */,
				6B3E1AE01DE4D66F00D76B4A /* GameOfLifeUITests.xctest */,
			);
			name = Products;
			sourceTree = "<group>";
		};
		6B3E1AC31DE4D66F00D76B4A /* GameOfLife */ = {
			isa = PBXGroup;
			children = (
				6B3E1AC41DE4D66F00D76B4A /* AppDelegate.swift */,
				6B3E1AC61DE4D66F00D76B4A /* ViewController.swift */,
				6B3E1AC81DE4D66F00D76B4A /* Main.storyboard */,
				6B3E1ACB1DE4D66F00D76B4A /* Assets.xcassets */,
				6B3E1ACD1DE4D66F00D76B4A /* LaunchScreen.storyboard */,
				6B3E1AD01DE4D66F00D76B4A /* Info.plist */,
				6B2305621DECC4F700514CAB /* Source */,
				6B42F2671E43C1EA005DA38E /* Patterns */,
			);
			path = GameOfLife;
			sourceTree = "<group>";
		};
		6B3E1AD81DE4D66F00D76B4A /* GameOfLifeTests */ = {
			isa = PBXGroup;
			children = (
				6B36627E1E476201007753BB /* Models */,
				6B3662811E476201007753BB /* Extensions */,
				6B3E1ADB1DE4D66F00D76B4A /* Info.plist */,
				6B3E1AD91DE4D66F00D76B4A /* GameOfLifeTests.swift */,
			);
			path = GameOfLifeTests;
			sourceTree = "<group>";
		};
		6B3E1AE31DE4D66F00D76B4A /* GameOfLifeUITests */ = {
			isa = PBXGroup;
			children = (
				6B3E1AE41DE4D66F00D76B4A /* GameOfLifeUITests.swift */,
				6B3E1AE61DE4D66F00D76B4A /* Info.plist */,
			);
			path = GameOfLifeUITests;
			sourceTree = "<group>";
		};
		6BBDA9AA1E475CB2002508C2 /* Extensions */ = {
			isa = PBXGroup;
			children = (
				6BBDA9AB1E475CB2002508C2 /* SequenceExtensions.swift */,
				6BBDA9AC1E475CB2002508C2 /* StringExtensions.swift */,
			);
			path = Extensions;
			sourceTree = "<group>";
		};
		6BBDA9AF1E475D71002508C2 /* Models */ = {
			isa = PBXGroup;
			children = (
				6BBDA9B11E475D71002508C2 /* Grid.swift */,
				6BBDA9B01E475D71002508C2 /* CellState.swift */,
				6BBDA9B21E475D71002508C2 /* LifeModel.swift */,
				6BBDA9B31E475D71002508C2 /* TimeModel.swift */,
			);
			path = Models;
			sourceTree = "<group>";
		};
		6BBDA9B41E475D71002508C2 /* Views */ = {
			isa = PBXGroup;
			children = (
				6BBF935A1E4E56160025D31F /* GridCollectionViewCell.swift */,
				6BBF935E1E4E62140025D31F /* GridsCollectionViewController.swift */,
				6BBDA9B71E475D71002508C2 /* GridView.swift */,
			);
			path = Views;
			sourceTree = "<group>";
		};
/* End PBXGroup section */

/* Begin PBXNativeTarget section */
		6B3E1AC01DE4D66F00D76B4A /* GameOfLife */ = {
			isa = PBXNativeTarget;
			buildConfigurationList = 6B3E1AE91DE4D66F00D76B4A /* Build configuration list for PBXNativeTarget "GameOfLife" */;
			buildPhases = (
				6B3E1ABD1DE4D66F00D76B4A /* Sources */,
				6B3E1ABE1DE4D66F00D76B4A /* Frameworks */,
				6B3E1ABF1DE4D66F00D76B4A /* Resources */,
			);
			buildRules = (
			);
			dependencies = (
			);
			name = GameOfLife;
			productName = GameOfLife;
			productReference = 6B3E1AC11DE4D66F00D76B4A /* GameOfLife.app */;
			productType = "com.apple.product-type.application";
		};
		6B3E1AD41DE4D66F00D76B4A /* GameOfLifeTests */ = {
			isa = PBXNativeTarget;
			buildConfigurationList = 6B3E1AEC1DE4D66F00D76B4A /* Build configuration list for PBXNativeTarget "GameOfLifeTests" */;
			buildPhases = (
				6B3E1AD11DE4D66F00D76B4A /* Sources */,
				6B3E1AD21DE4D66F00D76B4A /* Frameworks */,
				6B3E1AD31DE4D66F00D76B4A /* Resources */,
			);
			buildRules = (
			);
			dependencies = (
				6B3E1AD71DE4D66F00D76B4A /* PBXTargetDependency */,
			);
			name = GameOfLifeTests;
			productName = GameOfLifeTests;
			productReference = 6B3E1AD51DE4D66F00D76B4A /* GameOfLifeTests.xctest */;
			productType = "com.apple.product-type.bundle.unit-test";
		};
		6B3E1ADF1DE4D66F00D76B4A /* GameOfLifeUITests */ = {
			isa = PBXNativeTarget;
			buildConfigurationList = 6B3E1AEF1DE4D66F00D76B4A /* Build configuration list for PBXNativeTarget "GameOfLifeUITests" */;
			buildPhases = (
				6B3E1ADC1DE4D66F00D76B4A /* Sources */,
				6B3E1ADD1DE4D66F00D76B4A /* Frameworks */,
				6B3E1ADE1DE4D66F00D76B4A /* Resources */,
			);
			buildRules = (
			);
			dependencies = (
				6B3E1AE21DE4D66F00D76B4A /* PBXTargetDependency */,
			);
			name = GameOfLifeUITests;
			productName = GameOfLifeUITests;
			productReference = 6B3E1AE01DE4D66F00D76B4A /* GameOfLifeUITests.xctest */;
			productType = "com.apple.product-type.bundle.ui-testing";
		};
/* End PBXNativeTarget section */

/* Begin PBXProject section */
		6B3E1AB91DE4D66E00D76B4A /* Project object */ = {
			isa = PBXProject;
			attributes = {
				LastSwiftUpdateCheck = 0810;
				LastUpgradeCheck = 0820;
				ORGANIZATIONNAME = "Kirill Yakimovich";
				TargetAttributes = {
					6B3E1AC01DE4D66F00D76B4A = {
						CreatedOnToolsVersion = 8.1;
						DevelopmentTeam = DTYAE6HLT8;
						ProvisioningStyle = Automatic;
					};
					6B3E1AD41DE4D66F00D76B4A = {
						CreatedOnToolsVersion = 8.1;
						DevelopmentTeam = DTYAE6HLT8;
						ProvisioningStyle = Automatic;
						TestTargetID = 6B3E1AC01DE4D66F00D76B4A;
					};
					6B3E1ADF1DE4D66F00D76B4A = {
						CreatedOnToolsVersion = 8.1;
						DevelopmentTeam = DTYAE6HLT8;
						ProvisioningStyle = Automatic;
						TestTargetID = 6B3E1AC01DE4D66F00D76B4A;
					};
				};
			};
			buildConfigurationList = 6B3E1ABC1DE4D66E00D76B4A /* Build configuration list for PBXProject "GameOfLife" */;
			compatibilityVersion = "Xcode 3.2";
			developmentRegion = English;
			hasScannedForEncodings = 0;
			knownRegions = (
				en,
				Base,
			);
			mainGroup = 6B3E1AB81DE4D66E00D76B4A;
			productRefGroup = 6B3E1AC21DE4D66F00D76B4A /* Products */;
			projectDirPath = "";
			projectRoot = "";
			targets = (
				6B3E1AC01DE4D66F00D76B4A /* GameOfLife */,
				6B3E1AD41DE4D66F00D76B4A /* GameOfLifeTests */,
				6B3E1ADF1DE4D66F00D76B4A /* GameOfLifeUITests */,
			);
		};
/* End PBXProject section */

/* Begin PBXResourcesBuildPhase section */
		6B3E1ABF1DE4D66F00D76B4A /* Resources */ = {
			isa = PBXResourcesBuildPhase;
			buildActionMask = 2147483647;
			files = (
				6B3E1ACF1DE4D66F00D76B4A /* LaunchScreen.storyboard in Resources */,
				6B42F2681E43C1EA005DA38E /* Patterns in Resources */,
				6B3E1ACC1DE4D66F00D76B4A /* Assets.xcassets in Resources */,
				6B3E1ACA1DE4D66F00D76B4A /* Main.storyboard in Resources */,
			);
			runOnlyForDeploymentPostprocessing = 0;
		};
		6B3E1AD31DE4D66F00D76B4A /* Resources */ = {
			isa = PBXResourcesBuildPhase;
			buildActionMask = 2147483647;
			files = (
			);
			runOnlyForDeploymentPostprocessing = 0;
		};
		6B3E1ADE1DE4D66F00D76B4A /* Resources */ = {
			isa = PBXResourcesBuildPhase;
			buildActionMask = 2147483647;
			files = (
			);
			runOnlyForDeploymentPostprocessing = 0;
		};
/* End PBXResourcesBuildPhase section */

/* Begin PBXSourcesBuildPhase section */
		6B3E1ABD1DE4D66F00D76B4A /* Sources */ = {
			isa = PBXSourcesBuildPhase;
			buildActionMask = 2147483647;
			files = (
				6BBDA9AE1E475CB2002508C2 /* StringExtensions.swift in Sources */,
				6BBDA9BA1E475D71002508C2 /* LifeModel.swift in Sources */,
				6BBDA9B81E475D71002508C2 /* CellState.swift in Sources */,
				6B42F2661E43B716005DA38E /* RLERepresentable.swift in Sources */,
				6BBF935F1E4E62140025D31F /* GridsCollectionViewController.swift in Sources */,
				6BBDA9BB1E475D71002508C2 /* TimeModel.swift in Sources */,
				6BBF935B1E4E56160025D31F /* GridCollectionViewCell.swift in Sources */,
				6B3E1AC71DE4D66F00D76B4A /* ViewController.swift in Sources */,
				6BBDA9AD1E475CB2002508C2 /* SequenceExtensions.swift in Sources */,
				6BBDA9B91E475D71002508C2 /* Grid.swift in Sources */,
				6BBDA9BE1E475D71002508C2 /* GridView.swift in Sources */,
				6B3E1AC51DE4D66F00D76B4A /* AppDelegate.swift in Sources */,
			);
			runOnlyForDeploymentPostprocessing = 0;
		};
		6B3E1AD11DE4D66F00D76B4A /* Sources */ = {
			isa = PBXSourcesBuildPhase;
			buildActionMask = 2147483647;
			files = (
				6B3662861E476201007753BB /* SequenceExtensionsTests.swift in Sources */,
				6B3E1ADA1DE4D66F00D76B4A /* GameOfLifeTests.swift in Sources */,
				6B3662851E476201007753BB /* GridTests.swift in Sources */,
				6B3662871E476201007753BB /* StringExtensionsTests.swift in Sources */,
				6B3662841E476201007753BB /* LifeModelTests.swift in Sources */,
				6B56E3071E4762F70093886E /* CellStateTests.swift in Sources */,
			);
			runOnlyForDeploymentPostprocessing = 0;
		};
		6B3E1ADC1DE4D66F00D76B4A /* Sources */ = {
			isa = PBXSourcesBuildPhase;
			buildActionMask = 2147483647;
			files = (
				6B3E1AE51DE4D66F00D76B4A /* GameOfLifeUITests.swift in Sources */,
			);
			runOnlyForDeploymentPostprocessing = 0;
		};
/* End PBXSourcesBuildPhase section */

/* Begin PBXTargetDependency section */
		6B3E1AD71DE4D66F00D76B4A /* PBXTargetDependency */ = {
			isa = PBXTargetDependency;
			target = 6B3E1AC01DE4D66F00D76B4A /* GameOfLife */;
			targetProxy = 6B3E1AD61DE4D66F00D76B4A /* PBXContainerItemProxy */;
		};
		6B3E1AE21DE4D66F00D76B4A /* PBXTargetDependency */ = {
			isa = PBXTargetDependency;
			target = 6B3E1AC01DE4D66F00D76B4A /* GameOfLife */;
			targetProxy = 6B3E1AE11DE4D66F00D76B4A /* PBXContainerItemProxy */;
		};
/* End PBXTargetDependency section */

/* Begin PBXVariantGroup section */
		6B3E1AC81DE4D66F00D76B4A /* Main.storyboard */ = {
			isa = PBXVariantGroup;
			children = (
				6B3E1AC91DE4D66F00D76B4A /* Base */,
			);
			name = Main.storyboard;
			sourceTree = "<group>";
		};
		6B3E1ACD1DE4D66F00D76B4A /* LaunchScreen.storyboard */ = {
			isa = PBXVariantGroup;
			children = (
				6B3E1ACE1DE4D66F00D76B4A /* Base */,
			);
			name = LaunchScreen.storyboard;
			sourceTree = "<group>";
		};
/* End PBXVariantGroup section */

/* Begin XCBuildConfiguration section */
		6B3E1AE71DE4D66F00D76B4A /* Debug */ = {
			isa = XCBuildConfiguration;
			buildSettings = {
				ALWAYS_SEARCH_USER_PATHS = NO;
				CLANG_ANALYZER_NONNULL = YES;
				CLANG_CXX_LANGUAGE_STANDARD = "gnu++0x";
				CLANG_CXX_LIBRARY = "libc++";
				CLANG_ENABLE_MODULES = YES;
				CLANG_ENABLE_OBJC_ARC = YES;
				CLANG_WARN_BOOL_CONVERSION = YES;
				CLANG_WARN_CONSTANT_CONVERSION = YES;
				CLANG_WARN_DIRECT_OBJC_ISA_USAGE = YES_ERROR;
				CLANG_WARN_DOCUMENTATION_COMMENTS = YES;
				CLANG_WARN_EMPTY_BODY = YES;
				CLANG_WARN_ENUM_CONVERSION = YES;
				CLANG_WARN_INFINITE_RECURSION = YES;
				CLANG_WARN_INT_CONVERSION = YES;
				CLANG_WARN_OBJC_ROOT_CLASS = YES_ERROR;
				CLANG_WARN_SUSPICIOUS_MOVE = YES;
				CLANG_WARN_SUSPICIOUS_MOVES = YES;
				CLANG_WARN_UNREACHABLE_CODE = YES;
				CLANG_WARN__DUPLICATE_METHOD_MATCH = YES;
				"CODE_SIGN_IDENTITY[sdk=iphoneos*]" = "iPhone Developer";
				COPY_PHASE_STRIP = NO;
				DEBUG_INFORMATION_FORMAT = dwarf;
				ENABLE_STRICT_OBJC_MSGSEND = YES;
				ENABLE_TESTABILITY = YES;
				GCC_C_LANGUAGE_STANDARD = gnu99;
				GCC_DYNAMIC_NO_PIC = NO;
				GCC_NO_COMMON_BLOCKS = YES;
				GCC_OPTIMIZATION_LEVEL = 0;
				GCC_PREPROCESSOR_DEFINITIONS = (
					"DEBUG=1",
					"$(inherited)",
				);
				GCC_WARN_64_TO_32_BIT_CONVERSION = YES;
				GCC_WARN_ABOUT_RETURN_TYPE = YES_ERROR;
				GCC_WARN_UNDECLARED_SELECTOR = YES;
				GCC_WARN_UNINITIALIZED_AUTOS = YES_AGGRESSIVE;
				GCC_WARN_UNUSED_FUNCTION = YES;
				GCC_WARN_UNUSED_VARIABLE = YES;
				IPHONEOS_DEPLOYMENT_TARGET = 10.1;
				MTL_ENABLE_DEBUG_INFO = YES;
				ONLY_ACTIVE_ARCH = YES;
				SDKROOT = iphoneos;
				SWIFT_ACTIVE_COMPILATION_CONDITIONS = DEBUG;
				SWIFT_OPTIMIZATION_LEVEL = "-Onone";
				TARGETED_DEVICE_FAMILY = "1,2";
			};
			name = Debug;
		};
		6B3E1AE81DE4D66F00D76B4A /* Release */ = {
			isa = XCBuildConfiguration;
			buildSettings = {
				ALWAYS_SEARCH_USER_PATHS = NO;
				CLANG_ANALYZER_NONNULL = YES;
				CLANG_CXX_LANGUAGE_STANDARD = "gnu++0x";
				CLANG_CXX_LIBRARY = "libc++";
				CLANG_ENABLE_MODULES = YES;
				CLANG_ENABLE_OBJC_ARC = YES;
				CLANG_WARN_BOOL_CONVERSION = YES;
				CLANG_WARN_CONSTANT_CONVERSION = YES;
				CLANG_WARN_DIRECT_OBJC_ISA_USAGE = YES_ERROR;
				CLANG_WARN_DOCUMENTATION_COMMENTS = YES;
				CLANG_WARN_EMPTY_BODY = YES;
				CLANG_WARN_ENUM_CONVERSION = YES;
				CLANG_WARN_INFINITE_RECURSION = YES;
				CLANG_WARN_INT_CONVERSION = YES;
				CLANG_WARN_OBJC_ROOT_CLASS = YES_ERROR;
				CLANG_WARN_SUSPICIOUS_MOVE = YES;
				CLANG_WARN_SUSPICIOUS_MOVES = YES;
				CLANG_WARN_UNREACHABLE_CODE = YES;
				CLANG_WARN__DUPLICATE_METHOD_MATCH = YES;
				"CODE_SIGN_IDENTITY[sdk=iphoneos*]" = "iPhone Developer";
				COPY_PHASE_STRIP = NO;
				DEBUG_INFORMATION_FORMAT = "dwarf-with-dsym";
				ENABLE_NS_ASSERTIONS = NO;
				ENABLE_STRICT_OBJC_MSGSEND = YES;
				GCC_C_LANGUAGE_STANDARD = gnu99;
				GCC_NO_COMMON_BLOCKS = YES;
				GCC_WARN_64_TO_32_BIT_CONVERSION = YES;
				GCC_WARN_ABOUT_RETURN_TYPE = YES_ERROR;
				GCC_WARN_UNDECLARED_SELECTOR = YES;
				GCC_WARN_UNINITIALIZED_AUTOS = YES_AGGRESSIVE;
				GCC_WARN_UNUSED_FUNCTION = YES;
				GCC_WARN_UNUSED_VARIABLE = YES;
				IPHONEOS_DEPLOYMENT_TARGET = 10.1;
				MTL_ENABLE_DEBUG_INFO = NO;
				SDKROOT = iphoneos;
				SWIFT_OPTIMIZATION_LEVEL = "-Owholemodule";
				TARGETED_DEVICE_FAMILY = "1,2";
				VALIDATE_PRODUCT = YES;
			};
			name = Release;
		};
		6B3E1AEA1DE4D66F00D76B4A /* Debug */ = {
			isa = XCBuildConfiguration;
			buildSettings = {
				ASSETCATALOG_COMPILER_APPICON_NAME = AppIcon;
				DEVELOPMENT_TEAM = DTYAE6HLT8;
				INFOPLIST_FILE = GameOfLife/Info.plist;
				LD_RUNPATH_SEARCH_PATHS = "$(inherited) @executable_path/Frameworks";
				PRODUCT_BUNDLE_IDENTIFIER = by.kidpofn.GameOfLife;
				PRODUCT_NAME = "$(TARGET_NAME)";
				SWIFT_VERSION = 3.0;
			};
			name = Debug;
		};
		6B3E1AEB1DE4D66F00D76B4A /* Release */ = {
			isa = XCBuildConfiguration;
			buildSettings = {
				ASSETCATALOG_COMPILER_APPICON_NAME = AppIcon;
				DEVELOPMENT_TEAM = DTYAE6HLT8;
				INFOPLIST_FILE = GameOfLife/Info.plist;
				LD_RUNPATH_SEARCH_PATHS = "$(inherited) @executable_path/Frameworks";
				PRODUCT_BUNDLE_IDENTIFIER = by.kidpofn.GameOfLife;
				PRODUCT_NAME = "$(TARGET_NAME)";
				SWIFT_VERSION = 3.0;
			};
			name = Release;
		};
		6B3E1AED1DE4D66F00D76B4A /* Debug */ = {
			isa = XCBuildConfiguration;
			buildSettings = {
				ALWAYS_EMBED_SWIFT_STANDARD_LIBRARIES = YES;
				BUNDLE_LOADER = "$(TEST_HOST)";
				DEVELOPMENT_TEAM = DTYAE6HLT8;
				INFOPLIST_FILE = GameOfLifeTests/Info.plist;
				LD_RUNPATH_SEARCH_PATHS = "$(inherited) @executable_path/Frameworks @loader_path/Frameworks";
				PRODUCT_BUNDLE_IDENTIFIER = by.kidpofn.GameOfLifeTests;
				PRODUCT_NAME = "$(TARGET_NAME)";
				SWIFT_VERSION = 3.0;
				TEST_HOST = "$(BUILT_PRODUCTS_DIR)/GameOfLife.app/GameOfLife";
			};
			name = Debug;
		};
		6B3E1AEE1DE4D66F00D76B4A /* Release */ = {
			isa = XCBuildConfiguration;
			buildSettings = {
				ALWAYS_EMBED_SWIFT_STANDARD_LIBRARIES = YES;
				BUNDLE_LOADER = "$(TEST_HOST)";
				DEVELOPMENT_TEAM = DTYAE6HLT8;
				INFOPLIST_FILE = GameOfLifeTests/Info.plist;
				LD_RUNPATH_SEARCH_PATHS = "$(inherited) @executable_path/Frameworks @loader_path/Frameworks";
				PRODUCT_BUNDLE_IDENTIFIER = by.kidpofn.GameOfLifeTests;
				PRODUCT_NAME = "$(TARGET_NAME)";
				SWIFT_VERSION = 3.0;
				TEST_HOST = "$(BUILT_PRODUCTS_DIR)/GameOfLife.app/GameOfLife";
			};
			name = Release;
		};
		6B3E1AF01DE4D66F00D76B4A /* Debug */ = {
			isa = XCBuildConfiguration;
			buildSettings = {
				ALWAYS_EMBED_SWIFT_STANDARD_LIBRARIES = YES;
				DEVELOPMENT_TEAM = DTYAE6HLT8;
				INFOPLIST_FILE = GameOfLifeUITests/Info.plist;
				LD_RUNPATH_SEARCH_PATHS = "$(inherited) @executable_path/Frameworks @loader_path/Frameworks";
				PRODUCT_BUNDLE_IDENTIFIER = by.kidpofn.GameOfLifeUITests;
				PRODUCT_NAME = "$(TARGET_NAME)";
				SWIFT_VERSION = 3.0;
				TEST_TARGET_NAME = GameOfLife;
			};
			name = Debug;
		};
		6B3E1AF11DE4D66F00D76B4A /* Release */ = {
			isa = XCBuildConfiguration;
			buildSettings = {
				ALWAYS_EMBED_SWIFT_STANDARD_LIBRARIES = YES;
				DEVELOPMENT_TEAM = DTYAE6HLT8;
				INFOPLIST_FILE = GameOfLifeUITests/Info.plist;
				LD_RUNPATH_SEARCH_PATHS = "$(inherited) @executable_path/Frameworks @loader_path/Frameworks";
				PRODUCT_BUNDLE_IDENTIFIER = by.kidpofn.GameOfLifeUITests;
				PRODUCT_NAME = "$(TARGET_NAME)";
				SWIFT_VERSION = 3.0;
				TEST_TARGET_NAME = GameOfLife;
			};
			name = Release;
		};
/* End XCBuildConfiguration section */

/* Begin XCConfigurationList section */
		6B3E1ABC1DE4D66E00D76B4A /* Build configuration list for PBXProject "GameOfLife" */ = {
			isa = XCConfigurationList;
			buildConfigurations = (
				6B3E1AE71DE4D66F00D76B4A /* Debug */,
				6B3E1AE81DE4D66F00D76B4A /* Release */,
			);
			defaultConfigurationIsVisible = 0;
			defaultConfigurationName = Release;
		};
		6B3E1AE91DE4D66F00D76B4A /* Build configuration list for PBXNativeTarget "GameOfLife" */ = {
			isa = XCConfigurationList;
			buildConfigurations = (
				6B3E1AEA1DE4D66F00D76B4A /* Debug */,
				6B3E1AEB1DE4D66F00D76B4A /* Release */,
			);
			defaultConfigurationIsVisible = 0;
			defaultConfigurationName = Release;
		};
		6B3E1AEC1DE4D66F00D76B4A /* Build configuration list for PBXNativeTarget "GameOfLifeTests" */ = {
			isa = XCConfigurationList;
			buildConfigurations = (
				6B3E1AED1DE4D66F00D76B4A /* Debug */,
				6B3E1AEE1DE4D66F00D76B4A /* Release */,
			);
			defaultConfigurationIsVisible = 0;
			defaultConfigurationName = Release;
		};
		6B3E1AEF1DE4D66F00D76B4A /* Build configuration list for PBXNativeTarget "GameOfLifeUITests" */ = {
			isa = XCConfigurationList;
			buildConfigurations = (
				6B3E1AF01DE4D66F00D76B4A /* Debug */,
				6B3E1AF11DE4D66F00D76B4A /* Release */,
			);
			defaultConfigurationIsVisible = 0;
			defaultConfigurationName = Release;
		};
/* End XCConfigurationList section */
	};
	rootObject = 6B3E1AB91DE4D66E00D76B4A /* Project object */;
}
